// !$*UTF8*$!
{
	archiveVersion = 1;
	classes = {
	};
	objectVersion = 46;
	objects = {

/* Begin PBXBuildFile section */
		BE23E42F1DFA1623004DA6B7 /* Constants.swift in Sources */ = {isa = PBXBuildFile; fileRef = BE23E42E1DFA1623004DA6B7 /* Constants.swift */; };
		BE23E4321DFB8BF4004DA6B7 /* Magnet.framework in Frameworks */ = {isa = PBXBuildFile; fileRef = BE23E4311DFB8BF4004DA6B7 /* Magnet.framework */; };
		BE5896971DFCE965007CE7AC /* LoginServiceKit.framework in Frameworks */ = {isa = PBXBuildFile; fileRef = BE5896961DFCE965007CE7AC /* LoginServiceKit.framework */; };
		BE58969A1DFCEB07007CE7AC /* Localizable.strings in Resources */ = {isa = PBXBuildFile; fileRef = BE58969C1DFCEB07007CE7AC /* Localizable.strings */; };
		BE5896A11DFCED26007CE7AC /* LocalizedString.swift in Sources */ = {isa = PBXBuildFile; fileRef = BE5896A01DFCED26007CE7AC /* LocalizedString.swift */; };
		BE5896A51DFD0E8C007CE7AC /* Fabric.framework in Frameworks */ = {isa = PBXBuildFile; fileRef = BE5896A31DFD0E8C007CE7AC /* Fabric.framework */; };
		BE5896A81DFD0EF0007CE7AC /* Crashlytics.framework in Frameworks */ = {isa = PBXBuildFile; fileRef = BE5896A71DFD0EF0007CE7AC /* Crashlytics.framework */; };
		BE5896AA1DFD1076007CE7AC /* Sparkle.framework in Frameworks */ = {isa = PBXBuildFile; fileRef = BE5896A91DFD1076007CE7AC /* Sparkle.framework */; };
		BE5896AC1DFD11D7007CE7AC /* dsa_pub.pem in Resources */ = {isa = PBXBuildFile; fileRef = BE5896AB1DFD11D7007CE7AC /* dsa_pub.pem */; };
		BE7E82591DF72E7A00F3F2F8 /* FullScreenWindow.swift in Sources */ = {isa = PBXBuildFile; fileRef = BE7E82581DF72E7A00F3F2F8 /* FullScreenWindow.swift */; };
		BE7E825B1DF74A2D00F3F2F8 /* FloatWindow.swift in Sources */ = {isa = PBXBuildFile; fileRef = BE7E825A1DF74A2D00F3F2F8 /* FloatWindow.swift */; };
		BEC844F71DED859300A4A57A /* AppDelegate.swift in Sources */ = {isa = PBXBuildFile; fileRef = BEC844F61DED859300A4A57A /* AppDelegate.swift */; };
		BEC844F91DED859300A4A57A /* ViewController.swift in Sources */ = {isa = PBXBuildFile; fileRef = BEC844F81DED859300A4A57A /* ViewController.swift */; };
		BEC844FB1DED859300A4A57A /* Assets.xcassets in Resources */ = {isa = PBXBuildFile; fileRef = BEC844FA1DED859300A4A57A /* Assets.xcassets */; };
		BEC844FE1DED859300A4A57A /* Main.storyboard in Resources */ = {isa = PBXBuildFile; fileRef = BEC844FC1DED859300A4A57A /* Main.storyboard */; };
		BEC8450C1DF59ECB00A4A57A /* CaptureGuideView.swift in Sources */ = {isa = PBXBuildFile; fileRef = BEC8450B1DF59ECB00A4A57A /* CaptureGuideView.swift */; };
		BEF57FE51DFD46AE006595B6 /* PreferencesWindowController.swift in Sources */ = {isa = PBXBuildFile; fileRef = BEF57FE41DFD46AE006595B6 /* PreferencesWindowController.swift */; };
		BEF57FED1DFD53D3006595B6 /* UpdatePreferenceViewController.swift in Sources */ = {isa = PBXBuildFile; fileRef = BEF57FEC1DFD53D3006595B6 /* UpdatePreferenceViewController.swift */; };
		BEF57FEF1DFD58D4006595B6 /* NSColor+Fuwari.swift in Sources */ = {isa = PBXBuildFile; fileRef = BEF57FEE1DFD58D4006595B6 /* NSColor+Fuwari.swift */; };
		BEF57FF21DFD5CB6006595B6 /* PreferencesWindowController.xib in Resources */ = {isa = PBXBuildFile; fileRef = BEF57FF41DFD5CB6006595B6 /* PreferencesWindowController.xib */; };
		BEF57FF71DFD5CD1006595B6 /* GeneralPreferenceViewController.xib in Resources */ = {isa = PBXBuildFile; fileRef = BEF57FF91DFD5CD1006595B6 /* GeneralPreferenceViewController.xib */; };
		BEF57FFC1DFD5D03006595B6 /* UpdatePreferenceViewController.xib in Resources */ = {isa = PBXBuildFile; fileRef = BEF57FFE1DFD5D03006595B6 /* UpdatePreferenceViewController.xib */; };
/* End PBXBuildFile section */

/* Begin PBXFileReference section */
		BE23E42E1DFA1623004DA6B7 /* Constants.swift */ = {isa = PBXFileReference; fileEncoding = 4; lastKnownFileType = sourcecode.swift; path = Constants.swift; sourceTree = "<group>"; };
		BE23E4311DFB8BF4004DA6B7 /* Magnet.framework */ = {isa = PBXFileReference; lastKnownFileType = wrapper.framework; name = Magnet.framework; path = Carthage/Build/Mac/Magnet.framework; sourceTree = "<group>"; };
		BE5896961DFCE965007CE7AC /* LoginServiceKit.framework */ = {isa = PBXFileReference; lastKnownFileType = wrapper.framework; name = LoginServiceKit.framework; path = Carthage/Build/Mac/LoginServiceKit.framework; sourceTree = "<group>"; };
		BE58969B1DFCEB07007CE7AC /* Base */ = {isa = PBXFileReference; lastKnownFileType = text.plist.strings; name = Base; path = Base.lproj/Localizable.strings; sourceTree = "<group>"; };
		BE58969F1DFCEB95007CE7AC /* ja */ = {isa = PBXFileReference; lastKnownFileType = text.plist.strings; name = ja; path = ja.lproj/Localizable.strings; sourceTree = "<group>"; };
		BE5896A01DFCED26007CE7AC /* LocalizedString.swift */ = {isa = PBXFileReference; fileEncoding = 4; lastKnownFileType = sourcecode.swift; path = LocalizedString.swift; sourceTree = "<group>"; };
		BE5896A31DFD0E8C007CE7AC /* Fabric.framework */ = {isa = PBXFileReference; lastKnownFileType = wrapper.framework; path = Fabric.framework; sourceTree = SOURCE_ROOT; };
		BE5896A71DFD0EF0007CE7AC /* Crashlytics.framework */ = {isa = PBXFileReference; lastKnownFileType = wrapper.framework; path = Crashlytics.framework; sourceTree = SOURCE_ROOT; };
		BE5896A91DFD1076007CE7AC /* Sparkle.framework */ = {isa = PBXFileReference; lastKnownFileType = wrapper.framework; name = Sparkle.framework; path = Carthage/Build/Mac/Sparkle.framework; sourceTree = "<group>"; };
		BE5896AB1DFD11D7007CE7AC /* dsa_pub.pem */ = {isa = PBXFileReference; fileEncoding = 4; lastKnownFileType = text; name = dsa_pub.pem; path = "../../../../../Downloads/Sparkle-master/bin/dsa_pub.pem"; sourceTree = "<group>"; };
		BE7E82581DF72E7A00F3F2F8 /* FullScreenWindow.swift */ = {isa = PBXFileReference; fileEncoding = 4; lastKnownFileType = sourcecode.swift; path = FullScreenWindow.swift; sourceTree = "<group>"; };
		BE7E825A1DF74A2D00F3F2F8 /* FloatWindow.swift */ = {isa = PBXFileReference; fileEncoding = 4; lastKnownFileType = sourcecode.swift; path = FloatWindow.swift; sourceTree = "<group>"; };
		BEC844F31DED859300A4A57A /* Fuwari.app */ = {isa = PBXFileReference; explicitFileType = wrapper.application; includeInIndex = 0; path = Fuwari.app; sourceTree = BUILT_PRODUCTS_DIR; };
		BEC844F61DED859300A4A57A /* AppDelegate.swift */ = {isa = PBXFileReference; lastKnownFileType = sourcecode.swift; path = AppDelegate.swift; sourceTree = "<group>"; };
		BEC844F81DED859300A4A57A /* ViewController.swift */ = {isa = PBXFileReference; lastKnownFileType = sourcecode.swift; path = ViewController.swift; sourceTree = "<group>"; };
		BEC844FA1DED859300A4A57A /* Assets.xcassets */ = {isa = PBXFileReference; lastKnownFileType = folder.assetcatalog; path = Assets.xcassets; sourceTree = "<group>"; };
		BEC844FD1DED859300A4A57A /* Base */ = {isa = PBXFileReference; lastKnownFileType = file.storyboard; name = Base; path = Base.lproj/Main.storyboard; sourceTree = "<group>"; };
		BEC844FF1DED859300A4A57A /* Info.plist */ = {isa = PBXFileReference; lastKnownFileType = text.plist.xml; path = Info.plist; sourceTree = "<group>"; };
		BEC8450B1DF59ECB00A4A57A /* CaptureGuideView.swift */ = {isa = PBXFileReference; fileEncoding = 4; lastKnownFileType = sourcecode.swift; path = CaptureGuideView.swift; sourceTree = "<group>"; };
		BEF57FE41DFD46AE006595B6 /* PreferencesWindowController.swift */ = {isa = PBXFileReference; fileEncoding = 4; lastKnownFileType = sourcecode.swift; path = PreferencesWindowController.swift; sourceTree = "<group>"; };
		BEF57FEC1DFD53D3006595B6 /* UpdatePreferenceViewController.swift */ = {isa = PBXFileReference; fileEncoding = 4; lastKnownFileType = sourcecode.swift; path = UpdatePreferenceViewController.swift; sourceTree = "<group>"; };
		BEF57FEE1DFD58D4006595B6 /* NSColor+Fuwari.swift */ = {isa = PBXFileReference; fileEncoding = 4; lastKnownFileType = sourcecode.swift; path = "NSColor+Fuwari.swift"; sourceTree = "<group>"; };
		BEF57FF11DFD5CAD006595B6 /* ja */ = {isa = PBXFileReference; lastKnownFileType = text.plist.strings; name = ja; path = ja.lproj/Main.strings; sourceTree = "<group>"; };
		BEF57FF51DFD5CBA006595B6 /* Base */ = {isa = PBXFileReference; lastKnownFileType = file.xib; name = Base; path = Base.lproj/PreferencesWindowController.xib; sourceTree = "<group>"; };
		BEF57FF61DFD5CC5006595B6 /* ja */ = {isa = PBXFileReference; lastKnownFileType = text.plist.strings; name = ja; path = ja.lproj/PreferencesWindowController.strings; sourceTree = "<group>"; };
		BEF57FFA1DFD5CD3006595B6 /* Base */ = {isa = PBXFileReference; lastKnownFileType = file.xib; name = Base; path = Base.lproj/GeneralPreferenceViewController.xib; sourceTree = "<group>"; };
		BEF57FFB1DFD5CD6006595B6 /* ja */ = {isa = PBXFileReference; lastKnownFileType = text.plist.strings; name = ja; path = ja.lproj/GeneralPreferenceViewController.strings; sourceTree = "<group>"; };
		BEF57FFF1DFD5D05006595B6 /* Base */ = {isa = PBXFileReference; lastKnownFileType = file.xib; name = Base; path = Base.lproj/UpdatePreferenceViewController.xib; sourceTree = "<group>"; };
		BEF580001DFD5D08006595B6 /* ja */ = {isa = PBXFileReference; lastKnownFileType = text.plist.strings; name = ja; path = ja.lproj/UpdatePreferenceViewController.strings; sourceTree = "<group>"; };
/* End PBXFileReference section */

/* Begin PBXFrameworksBuildPhase section */
		BEC844F01DED859300A4A57A /* Frameworks */ = {
			isa = PBXFrameworksBuildPhase;
			buildActionMask = 2147483647;
			files = (
				BE5896AA1DFD1076007CE7AC /* Sparkle.framework in Frameworks */,
				BE5896971DFCE965007CE7AC /* LoginServiceKit.framework in Frameworks */,
				BE23E4321DFB8BF4004DA6B7 /* Magnet.framework in Frameworks */,
				BE5896A81DFD0EF0007CE7AC /* Crashlytics.framework in Frameworks */,
				BE5896A51DFD0E8C007CE7AC /* Fabric.framework in Frameworks */,
			);
			runOnlyForDeploymentPostprocessing = 0;
		};
/* End PBXFrameworksBuildPhase section */

/* Begin PBXGroup section */
		BE23E4301DFB8BF4004DA6B7 /* Frameworks */ = {
			isa = PBXGroup;
			children = (
				BE5896A91DFD1076007CE7AC /* Sparkle.framework */,
				BE5896A71DFD0EF0007CE7AC /* Crashlytics.framework */,
				BE5896A31DFD0E8C007CE7AC /* Fabric.framework */,
				BE5896961DFCE965007CE7AC /* LoginServiceKit.framework */,
				BE23E4311DFB8BF4004DA6B7 /* Magnet.framework */,
			);
			name = Frameworks;
			sourceTree = "<group>";
		};
		BEC844EA1DED859300A4A57A = {
			isa = PBXGroup;
			children = (
				BEC844F51DED859300A4A57A /* Fuwari */,
				BEC844F41DED859300A4A57A /* Products */,
				BE23E4301DFB8BF4004DA6B7 /* Frameworks */,
			);
			sourceTree = "<group>";
		};
		BEC844F41DED859300A4A57A /* Products */ = {
			isa = PBXGroup;
			children = (
				BEC844F31DED859300A4A57A /* Fuwari.app */,
			);
			name = Products;
			sourceTree = "<group>";
		};
		BEC844F51DED859300A4A57A /* Fuwari */ = {
			isa = PBXGroup;
			children = (
				BEC844F61DED859300A4A57A /* AppDelegate.swift */,
				BEC844F81DED859300A4A57A /* ViewController.swift */,
				BEC8450B1DF59ECB00A4A57A /* CaptureGuideView.swift */,
				BE7E82581DF72E7A00F3F2F8 /* FullScreenWindow.swift */,
				BE7E825A1DF74A2D00F3F2F8 /* FloatWindow.swift */,
				BEF580021DFD9464006595B6 /* Preferences */,
				BEF580011DFD945A006595B6 /* Utility */,
				BEF57FEE1DFD58D4006595B6 /* NSColor+Fuwari.swift */,
				BEC844FC1DED859300A4A57A /* Main.storyboard */,
				BEF580031DFD9480006595B6 /* Resources */,
				BEF580041DFD9491006595B6 /* Supprting Files */,
			);
			path = Fuwari;
			sourceTree = "<group>";
		};
		BEF580011DFD945A006595B6 /* Utility */ = {
			isa = PBXGroup;
			children = (
				BE23E42E1DFA1623004DA6B7 /* Constants.swift */,
				BE5896A01DFCED26007CE7AC /* LocalizedString.swift */,
			);
			name = Utility;
			sourceTree = "<group>";
		};
		BEF580021DFD9464006595B6 /* Preferences */ = {
			isa = PBXGroup;
			children = (
				BEF57FE41DFD46AE006595B6 /* PreferencesWindowController.swift */,
				BEF57FEC1DFD53D3006595B6 /* UpdatePreferenceViewController.swift */,
				BEF57FF41DFD5CB6006595B6 /* PreferencesWindowController.xib */,
				BEF57FF91DFD5CD1006595B6 /* GeneralPreferenceViewController.xib */,
				BEF57FFE1DFD5D03006595B6 /* UpdatePreferenceViewController.xib */,
			);
			name = Preferences;
			sourceTree = "<group>";
		};
		BEF580031DFD9480006595B6 /* Resources */ = {
			isa = PBXGroup;
			children = (
				BE58969C1DFCEB07007CE7AC /* Localizable.strings */,
				BEC844FA1DED859300A4A57A /* Assets.xcassets */,
			);
			name = Resources;
			sourceTree = "<group>";
		};
		BEF580041DFD9491006595B6 /* Supprting Files */ = {
			isa = PBXGroup;
			children = (
				BEC844FF1DED859300A4A57A /* Info.plist */,
				BE5896AB1DFD11D7007CE7AC /* dsa_pub.pem */,
			);
			name = "Supprting Files";
			sourceTree = "<group>";
		};
/* End PBXGroup section */

/* Begin PBXNativeTarget section */
		BEC844F21DED859300A4A57A /* Fuwari */ = {
			isa = PBXNativeTarget;
			buildConfigurationList = BEC845021DED859300A4A57A /* Build configuration list for PBXNativeTarget "Fuwari" */;
			buildPhases = (
				BEC844EF1DED859300A4A57A /* Sources */,
				BEC844F01DED859300A4A57A /* Frameworks */,
				BEC844F11DED859300A4A57A /* Resources */,
				BE23E4331DFB8C08004DA6B7 /* Carthage */,
				BE5896A21DFD0E71007CE7AC /* Fabric */,
			);
			buildRules = (
			);
			dependencies = (
			);
			name = Fuwari;
			productName = Fuwari;
			productReference = BEC844F31DED859300A4A57A /* Fuwari.app */;
			productType = "com.apple.product-type.application";
		};
/* End PBXNativeTarget section */

/* Begin PBXProject section */
		BEC844EB1DED859300A4A57A /* Project object */ = {
			isa = PBXProject;
			attributes = {
				LastSwiftUpdateCheck = 0810;
				LastUpgradeCheck = 0810;
				ORGANIZATIONNAME = AppKnop;
				TargetAttributes = {
					BEC844F21DED859300A4A57A = {
						CreatedOnToolsVersion = 8.1;
						DevelopmentTeam = QZJ74E9669;
						ProvisioningStyle = Automatic;
					};
				};
			};
			buildConfigurationList = BEC844EE1DED859300A4A57A /* Build configuration list for PBXProject "Fuwari" */;
			compatibilityVersion = "Xcode 3.2";
			developmentRegion = English;
			hasScannedForEncodings = 0;
			knownRegions = (
				en,
				Base,
				ja,
			);
			mainGroup = BEC844EA1DED859300A4A57A;
			productRefGroup = BEC844F41DED859300A4A57A /* Products */;
			projectDirPath = "";
			projectRoot = "";
			targets = (
				BEC844F21DED859300A4A57A /* Fuwari */,
			);
		};
/* End PBXProject section */

/* Begin PBXResourcesBuildPhase section */
		BEC844F11DED859300A4A57A /* Resources */ = {
			isa = PBXResourcesBuildPhase;
			buildActionMask = 2147483647;
			files = (
				BEC844FB1DED859300A4A57A /* Assets.xcassets in Resources */,
				BE5896AC1DFD11D7007CE7AC /* dsa_pub.pem in Resources */,
				BE58969A1DFCEB07007CE7AC /* Localizable.strings in Resources */,
				BEF57FF21DFD5CB6006595B6 /* PreferencesWindowController.xib in Resources */,
				BEC844FE1DED859300A4A57A /* Main.storyboard in Resources */,
				BEF57FF71DFD5CD1006595B6 /* GeneralPreferenceViewController.xib in Resources */,
				BEF57FFC1DFD5D03006595B6 /* UpdatePreferenceViewController.xib in Resources */,
			);
			runOnlyForDeploymentPostprocessing = 0;
		};
/* End PBXResourcesBuildPhase section */

/* Begin PBXShellScriptBuildPhase section */
		BE23E4331DFB8C08004DA6B7 /* Carthage */ = {
			isa = PBXShellScriptBuildPhase;
			buildActionMask = 2147483647;
			files = (
			);
			inputPaths = (
				"$(SRCROOT)/Carthage/Build/Mac/Magnet.framework",
				"$(SRCROOT)/Carthage/Build/Mac/LoginServiceKit.framework",
				"$(SRCROOT)/Carthage/Build/Mac/Sparkle.framework",
			);
			name = Carthage;
			outputPaths = (
			);
			runOnlyForDeploymentPostprocessing = 0;
			shellPath = /bin/sh;
			shellScript = "/usr/local/bin/carthage copy-frameworks";
		};
		BE5896A21DFD0E71007CE7AC /* Fabric */ = {
			isa = PBXShellScriptBuildPhase;
			buildActionMask = 2147483647;
			files = (
			);
			inputPaths = (
			);
			name = Fabric;
			outputPaths = (
			);
			runOnlyForDeploymentPostprocessing = 0;
			shellPath = /bin/sh;
			shellScript = "./Fabric.framework/run 91c94b457e53915af7482ee33e544c1b3f3718d2 680759de191c29b40db6dc3dce98ceb8e438ca32232ac5dec8bbf8d94f7c21df";
		};
/* End PBXShellScriptBuildPhase section */

/* Begin PBXSourcesBuildPhase section */
		BEC844EF1DED859300A4A57A /* Sources */ = {
			isa = PBXSourcesBuildPhase;
			buildActionMask = 2147483647;
			files = (
				BE7E825B1DF74A2D00F3F2F8 /* FloatWindow.swift in Sources */,
				BEF57FE51DFD46AE006595B6 /* PreferencesWindowController.swift in Sources */,
				BE7E82591DF72E7A00F3F2F8 /* FullScreenWindow.swift in Sources */,
				BEF57FEF1DFD58D4006595B6 /* NSColor+Fuwari.swift in Sources */,
				BEC844F91DED859300A4A57A /* ViewController.swift in Sources */,
				BE5896A11DFCED26007CE7AC /* LocalizedString.swift in Sources */,
				BEC8450C1DF59ECB00A4A57A /* CaptureGuideView.swift in Sources */,
				BEC844F71DED859300A4A57A /* AppDelegate.swift in Sources */,
				BEF57FED1DFD53D3006595B6 /* UpdatePreferenceViewController.swift in Sources */,
				BE23E42F1DFA1623004DA6B7 /* Constants.swift in Sources */,
			);
			runOnlyForDeploymentPostprocessing = 0;
		};
/* End PBXSourcesBuildPhase section */

/* Begin PBXVariantGroup section */
		BE58969C1DFCEB07007CE7AC /* Localizable.strings */ = {
			isa = PBXVariantGroup;
			children = (
				BE58969B1DFCEB07007CE7AC /* Base */,
				BE58969F1DFCEB95007CE7AC /* ja */,
			);
			name = Localizable.strings;
			sourceTree = "<group>";
		};
		BEC844FC1DED859300A4A57A /* Main.storyboard */ = {
			isa = PBXVariantGroup;
			children = (
				BEC844FD1DED859300A4A57A /* Base */,
				BEF57FF11DFD5CAD006595B6 /* ja */,
			);
			name = Main.storyboard;
			sourceTree = "<group>";
		};
		BEF57FF41DFD5CB6006595B6 /* PreferencesWindowController.xib */ = {
			isa = PBXVariantGroup;
			children = (
				BEF57FF51DFD5CBA006595B6 /* Base */,
				BEF57FF61DFD5CC5006595B6 /* ja */,
			);
			name = PreferencesWindowController.xib;
			sourceTree = "<group>";
		};
		BEF57FF91DFD5CD1006595B6 /* GeneralPreferenceViewController.xib */ = {
			isa = PBXVariantGroup;
			children = (
				BEF57FFA1DFD5CD3006595B6 /* Base */,
				BEF57FFB1DFD5CD6006595B6 /* ja */,
			);
			name = GeneralPreferenceViewController.xib;
			sourceTree = "<group>";
		};
		BEF57FFE1DFD5D03006595B6 /* UpdatePreferenceViewController.xib */ = {
			isa = PBXVariantGroup;
			children = (
				BEF57FFF1DFD5D05006595B6 /* Base */,
				BEF580001DFD5D08006595B6 /* ja */,
			);
			name = UpdatePreferenceViewController.xib;
			sourceTree = "<group>";
		};
/* End PBXVariantGroup section */

/* Begin XCBuildConfiguration section */
		BEC845001DED859300A4A57A /* Debug */ = {
			isa = XCBuildConfiguration;
			buildSettings = {
				ALWAYS_SEARCH_USER_PATHS = NO;
				CLANG_ANALYZER_LOCALIZABILITY_NONLOCALIZED = YES;
				CLANG_ANALYZER_NONNULL = YES;
				CLANG_CXX_LANGUAGE_STANDARD = "gnu++0x";
				CLANG_CXX_LIBRARY = "libc++";
				CLANG_ENABLE_MODULES = YES;
				CLANG_ENABLE_OBJC_ARC = YES;
				CLANG_WARN_BOOL_CONVERSION = YES;
				CLANG_WARN_CONSTANT_CONVERSION = YES;
				CLANG_WARN_DIRECT_OBJC_ISA_USAGE = YES_ERROR;
				CLANG_WARN_DOCUMENTATION_COMMENTS = YES;
				CLANG_WARN_EMPTY_BODY = YES;
				CLANG_WARN_ENUM_CONVERSION = YES;
				CLANG_WARN_INFINITE_RECURSION = YES;
				CLANG_WARN_INT_CONVERSION = YES;
				CLANG_WARN_OBJC_ROOT_CLASS = YES_ERROR;
				CLANG_WARN_SUSPICIOUS_MOVES = YES;
				CLANG_WARN_UNREACHABLE_CODE = YES;
				CLANG_WARN__DUPLICATE_METHOD_MATCH = YES;
				CODE_SIGN_IDENTITY = "-";
				COPY_PHASE_STRIP = NO;
				DEBUG_INFORMATION_FORMAT = dwarf;
				ENABLE_STRICT_OBJC_MSGSEND = YES;
				ENABLE_TESTABILITY = YES;
				GCC_C_LANGUAGE_STANDARD = gnu99;
				GCC_DYNAMIC_NO_PIC = NO;
				GCC_NO_COMMON_BLOCKS = YES;
				GCC_OPTIMIZATION_LEVEL = 0;
				GCC_PREPROCESSOR_DEFINITIONS = (
					"DEBUG=1",
					"$(inherited)",
				);
				GCC_WARN_64_TO_32_BIT_CONVERSION = YES;
				GCC_WARN_ABOUT_RETURN_TYPE = YES_ERROR;
				GCC_WARN_UNDECLARED_SELECTOR = YES;
				GCC_WARN_UNINITIALIZED_AUTOS = YES_AGGRESSIVE;
				GCC_WARN_UNUSED_FUNCTION = YES;
				GCC_WARN_UNUSED_VARIABLE = YES;
				MACOSX_DEPLOYMENT_TARGET = 10.12;
				MTL_ENABLE_DEBUG_INFO = YES;
				ONLY_ACTIVE_ARCH = YES;
				SDKROOT = macosx;
				SWIFT_ACTIVE_COMPILATION_CONDITIONS = DEBUG;
				SWIFT_OPTIMIZATION_LEVEL = "-Onone";
			};
			name = Debug;
		};
		BEC845011DED859300A4A57A /* Release */ = {
			isa = XCBuildConfiguration;
			buildSettings = {
				ALWAYS_SEARCH_USER_PATHS = NO;
				CLANG_ANALYZER_LOCALIZABILITY_NONLOCALIZED = YES;
				CLANG_ANALYZER_NONNULL = YES;
				CLANG_CXX_LANGUAGE_STANDARD = "gnu++0x";
				CLANG_CXX_LIBRARY = "libc++";
				CLANG_ENABLE_MODULES = YES;
				CLANG_ENABLE_OBJC_ARC = YES;
				CLANG_WARN_BOOL_CONVERSION = YES;
				CLANG_WARN_CONSTANT_CONVERSION = YES;
				CLANG_WARN_DIRECT_OBJC_ISA_USAGE = YES_ERROR;
				CLANG_WARN_DOCUMENTATION_COMMENTS = YES;
				CLANG_WARN_EMPTY_BODY = YES;
				CLANG_WARN_ENUM_CONVERSION = YES;
				CLANG_WARN_INFINITE_RECURSION = YES;
				CLANG_WARN_INT_CONVERSION = YES;
				CLANG_WARN_OBJC_ROOT_CLASS = YES_ERROR;
				CLANG_WARN_SUSPICIOUS_MOVES = YES;
				CLANG_WARN_UNREACHABLE_CODE = YES;
				CLANG_WARN__DUPLICATE_METHOD_MATCH = YES;
				CODE_SIGN_IDENTITY = "-";
				COPY_PHASE_STRIP = NO;
				DEBUG_INFORMATION_FORMAT = "dwarf-with-dsym";
				ENABLE_NS_ASSERTIONS = NO;
				ENABLE_STRICT_OBJC_MSGSEND = YES;
				GCC_C_LANGUAGE_STANDARD = gnu99;
				GCC_NO_COMMON_BLOCKS = YES;
				GCC_WARN_64_TO_32_BIT_CONVERSION = YES;
				GCC_WARN_ABOUT_RETURN_TYPE = YES_ERROR;
				GCC_WARN_UNDECLARED_SELECTOR = YES;
				GCC_WARN_UNINITIALIZED_AUTOS = YES_AGGRESSIVE;
				GCC_WARN_UNUSED_FUNCTION = YES;
				GCC_WARN_UNUSED_VARIABLE = YES;
				MACOSX_DEPLOYMENT_TARGET = 10.12;
				MTL_ENABLE_DEBUG_INFO = NO;
				SDKROOT = macosx;
				SWIFT_OPTIMIZATION_LEVEL = "-Owholemodule";
			};
			name = Release;
		};
		BEC845031DED859300A4A57A /* Debug */ = {
			isa = XCBuildConfiguration;
			buildSettings = {
				ASSETCATALOG_COMPILER_APPICON_NAME = AppIcon;
				COMBINE_HIDPI_IMAGES = YES;
				DEVELOPMENT_TEAM = QZJ74E9669;
				FRAMEWORK_SEARCH_PATHS = (
					"$(inherited)",
					"$(PROJECT_DIR)/Carthage/Build/Mac",
					"$(PROJECT_DIR)",
				);
				INFOPLIST_FILE = Fuwari/Info.plist;
				LD_RUNPATH_SEARCH_PATHS = "$(inherited) @executable_path/../Frameworks";
				PRODUCT_BUNDLE_IDENTIFIER = com.appknop.Fuwari;
				PRODUCT_NAME = "$(TARGET_NAME)";
				SWIFT_VERSION = 3.0;
			};
			name = Debug;
		};
		BEC845041DED859300A4A57A /* Release */ = {
			isa = XCBuildConfiguration;
			buildSettings = {
				ASSETCATALOG_COMPILER_APPICON_NAME = AppIcon;
				COMBINE_HIDPI_IMAGES = YES;
				DEVELOPMENT_TEAM = QZJ74E9669;
				FRAMEWORK_SEARCH_PATHS = (
					"$(inherited)",
					"$(PROJECT_DIR)/Carthage/Build/Mac",
					"$(PROJECT_DIR)",
				);
				INFOPLIST_FILE = Fuwari/Info.plist;
				LD_RUNPATH_SEARCH_PATHS = "$(inherited) @executable_path/../Frameworks";
				PRODUCT_BUNDLE_IDENTIFIER = com.appknop.Fuwari;
				PRODUCT_NAME = "$(TARGET_NAME)";
				SWIFT_VERSION = 3.0;
			};
			name = Release;
		};
/* End XCBuildConfiguration section */

/* Begin XCConfigurationList section */
		BEC844EE1DED859300A4A57A /* Build configuration list for PBXProject "Fuwari" */ = {
			isa = XCConfigurationList;
			buildConfigurations = (
				BEC845001DED859300A4A57A /* Debug */,
				BEC845011DED859300A4A57A /* Release */,
			);
			defaultConfigurationIsVisible = 0;
			defaultConfigurationName = Release;
		};
		BEC845021DED859300A4A57A /* Build configuration list for PBXNativeTarget "Fuwari" */ = {
			isa = XCConfigurationList;
			buildConfigurations = (
				BEC845031DED859300A4A57A /* Debug */,
				BEC845041DED859300A4A57A /* Release */,
			);
			defaultConfigurationIsVisible = 0;
			defaultConfigurationName = Release;
		};
/* End XCConfigurationList section */
	};
	rootObject = BEC844EB1DED859300A4A57A /* Project object */;
}
