// !$*UTF8*$!
{
	archiveVersion = 1;
	classes = {
	};
	objectVersion = 52;
	objects = {

/* Begin PBXBuildFile section */
		BE23E42F1DFA1623004DA6B7 /* Constants.swift in Sources */ = {isa = PBXBuildFile; fileRef = BE23E42E1DFA1623004DA6B7 /* Constants.swift */; };
		BE38949F263C20EA00131366 /* KeyHolder.xcframework in Frameworks */ = {isa = PBXBuildFile; fileRef = CAD92F1F25FE3B6B008D6CF8 /* KeyHolder.xcframework */; };
		BE3894A0263C20EA00131366 /* KeyHolder.xcframework in Embed Frameworks */ = {isa = PBXBuildFile; fileRef = CAD92F1F25FE3B6B008D6CF8 /* KeyHolder.xcframework */; settings = {ATTRIBUTES = (CodeSignOnCopy, RemoveHeadersOnCopy, ); }; };
		BE3894A1263C20EA00131366 /* LoginServiceKit.xcframework in Frameworks */ = {isa = PBXBuildFile; fileRef = CAD92F1D25FE3B6B008D6CF8 /* LoginServiceKit.xcframework */; };
		BE3894A2263C20EA00131366 /* LoginServiceKit.xcframework in Embed Frameworks */ = {isa = PBXBuildFile; fileRef = CAD92F1D25FE3B6B008D6CF8 /* LoginServiceKit.xcframework */; settings = {ATTRIBUTES = (CodeSignOnCopy, RemoveHeadersOnCopy, ); }; };
		BE3894A3263C20EA00131366 /* Magnet.xcframework in Frameworks */ = {isa = PBXBuildFile; fileRef = CAD92F1C25FE3B6B008D6CF8 /* Magnet.xcframework */; };
		BE3894A4263C20EA00131366 /* Magnet.xcframework in Embed Frameworks */ = {isa = PBXBuildFile; fileRef = CAD92F1C25FE3B6B008D6CF8 /* Magnet.xcframework */; settings = {ATTRIBUTES = (CodeSignOnCopy, RemoveHeadersOnCopy, ); }; };
		BE3894A5263C20EA00131366 /* Sauce.xcframework in Frameworks */ = {isa = PBXBuildFile; fileRef = CAD92F2025FE3B6B008D6CF8 /* Sauce.xcframework */; };
		BE3894A6263C20EA00131366 /* Sauce.xcframework in Embed Frameworks */ = {isa = PBXBuildFile; fileRef = CAD92F2025FE3B6B008D6CF8 /* Sauce.xcframework */; settings = {ATTRIBUTES = (CodeSignOnCopy, RemoveHeadersOnCopy, ); }; };
		BE3894A7263C20EA00131366 /* Sparkle.xcframework in Frameworks */ = {isa = PBXBuildFile; fileRef = CAD92F1E25FE3B6B008D6CF8 /* Sparkle.xcframework */; };
		BE3894A8263C20EA00131366 /* Sparkle.xcframework in Embed Frameworks */ = {isa = PBXBuildFile; fileRef = CAD92F1E25FE3B6B008D6CF8 /* Sparkle.xcframework */; settings = {ATTRIBUTES = (CodeSignOnCopy, RemoveHeadersOnCopy, ); }; };
		BE58969A1DFCEB07007CE7AC /* Localizable.strings in Resources */ = {isa = PBXBuildFile; fileRef = BE58969C1DFCEB07007CE7AC /* Localizable.strings */; };
		BE5896A11DFCED26007CE7AC /* LocalizedString.swift in Sources */ = {isa = PBXBuildFile; fileRef = BE5896A01DFCED26007CE7AC /* LocalizedString.swift */; };
		BE5BE7A11E065C7700820201 /* ShortcutsPreferenceViewController.swift in Sources */ = {isa = PBXBuildFile; fileRef = BE5BE79F1E065C7700820201 /* ShortcutsPreferenceViewController.swift */; };
		BE5BE7A41E065D7800820201 /* HotKeyManager.swift in Sources */ = {isa = PBXBuildFile; fileRef = BE5BE7A31E065D7800820201 /* HotKeyManager.swift */; };
		BE6473101E05FD91005E0AB0 /* dsa_pub.pem in Resources */ = {isa = PBXBuildFile; fileRef = BE64730F1E05FD91005E0AB0 /* dsa_pub.pem */; };
		BE6D5E761E12CF5E005492B2 /* AboutWindowController.swift in Sources */ = {isa = PBXBuildFile; fileRef = BE6D5E741E12CF5E005492B2 /* AboutWindowController.swift */; };
		BE6D5E771E12CF5E005492B2 /* AboutWindowController.xib in Resources */ = {isa = PBXBuildFile; fileRef = BE6D5E751E12CF5E005492B2 /* AboutWindowController.xib */; };
		BE7E825B1DF74A2D00F3F2F8 /* FloatWindow.swift in Sources */ = {isa = PBXBuildFile; fileRef = BE7E825A1DF74A2D00F3F2F8 /* FloatWindow.swift */; };
		BE85482020F975E00035BC60 /* NSMenu+Extension.swift in Sources */ = {isa = PBXBuildFile; fileRef = BE85481F20F975E00035BC60 /* NSMenu+Extension.swift */; };
		BE85482420FB5C640035BC60 /* FloatView.swift in Sources */ = {isa = PBXBuildFile; fileRef = BE85482320FB5C640035BC60 /* FloatView.swift */; };
		BE9777ED1E0E613700E5934F /* UserDefaults+ArchiveData.swift in Sources */ = {isa = PBXBuildFile; fileRef = BE9777EC1E0E613700E5934F /* UserDefaults+ArchiveData.swift */; };
		BE9777F01E0EC24F00E5934F /* ShortcutsPreferenceViewController.xib in Resources */ = {isa = PBXBuildFile; fileRef = BE9777F21E0EC24F00E5934F /* ShortcutsPreferenceViewController.xib */; };
		BE9777F81E100D1F00E5934F /* MenuManager.swift in Sources */ = {isa = PBXBuildFile; fileRef = BE9777F71E100D1F00E5934F /* MenuManager.swift */; };
		BEAFC2D320E8FC2E00F12911 /* ScreenshotManager.swift in Sources */ = {isa = PBXBuildFile; fileRef = BEAFC2D220E8FC2E00F12911 /* ScreenshotManager.swift */; };
		BEC844F71DED859300A4A57A /* AppDelegate.swift in Sources */ = {isa = PBXBuildFile; fileRef = BEC844F61DED859300A4A57A /* AppDelegate.swift */; };
		BEC844F91DED859300A4A57A /* ViewController.swift in Sources */ = {isa = PBXBuildFile; fileRef = BEC844F81DED859300A4A57A /* ViewController.swift */; };
		BEC844FB1DED859300A4A57A /* Assets.xcassets in Resources */ = {isa = PBXBuildFile; fileRef = BEC844FA1DED859300A4A57A /* Assets.xcassets */; };
		BEC844FE1DED859300A4A57A /* Main.storyboard in Resources */ = {isa = PBXBuildFile; fileRef = BEC844FC1DED859300A4A57A /* Main.storyboard */; };
		BEF57FE51DFD46AE006595B6 /* PreferencesWindowController.swift in Sources */ = {isa = PBXBuildFile; fileRef = BEF57FE41DFD46AE006595B6 /* PreferencesWindowController.swift */; };
		BEF57FEF1DFD58D4006595B6 /* NSColor+Fuwari.swift in Sources */ = {isa = PBXBuildFile; fileRef = BEF57FEE1DFD58D4006595B6 /* NSColor+Fuwari.swift */; };
		BEF57FF21DFD5CB6006595B6 /* PreferencesWindowController.xib in Resources */ = {isa = PBXBuildFile; fileRef = BEF57FF41DFD5CB6006595B6 /* PreferencesWindowController.xib */; };
		BEF57FF71DFD5CD1006595B6 /* GeneralPreferenceViewController.xib in Resources */ = {isa = PBXBuildFile; fileRef = BEF57FF91DFD5CD1006595B6 /* GeneralPreferenceViewController.xib */; };
		CA72BCDB25FB6F3F0041CB0D /* GeneralPreferenceViewController.swift in Sources */ = {isa = PBXBuildFile; fileRef = CA72BCDA25FB6F3F0041CB0D /* GeneralPreferenceViewController.swift */; };
		CA72BCF025FCA22C0041CB0D /* GyazoManager.swift in Sources */ = {isa = PBXBuildFile; fileRef = CA72BCEF25FCA22C0041CB0D /* GyazoManager.swift */; };
/* End PBXBuildFile section */

/* Begin PBXCopyFilesBuildPhase section */
		CAD92F2F25FE460F008D6CF8 /* Embed Frameworks */ = {
			isa = PBXCopyFilesBuildPhase;
			buildActionMask = 2147483647;
			dstPath = "";
			dstSubfolderSpec = 10;
			files = (
				BE3894A2263C20EA00131366 /* LoginServiceKit.xcframework in Embed Frameworks */,
				BE3894A6263C20EA00131366 /* Sauce.xcframework in Embed Frameworks */,
				BE3894A4263C20EA00131366 /* Magnet.xcframework in Embed Frameworks */,
				BE3894A0263C20EA00131366 /* KeyHolder.xcframework in Embed Frameworks */,
				BE3894A8263C20EA00131366 /* Sparkle.xcframework in Embed Frameworks */,
			);
			name = "Embed Frameworks";
			runOnlyForDeploymentPostprocessing = 0;
		};
/* End PBXCopyFilesBuildPhase section */

/* Begin PBXFileReference section */
		BE23E42E1DFA1623004DA6B7 /* Constants.swift */ = {isa = PBXFileReference; fileEncoding = 4; lastKnownFileType = sourcecode.swift; path = Constants.swift; sourceTree = "<group>"; };
		BE58969B1DFCEB07007CE7AC /* Base */ = {isa = PBXFileReference; lastKnownFileType = text.plist.strings; name = Base; path = Base.lproj/Localizable.strings; sourceTree = "<group>"; };
		BE58969F1DFCEB95007CE7AC /* ja */ = {isa = PBXFileReference; lastKnownFileType = text.plist.strings; name = ja; path = ja.lproj/Localizable.strings; sourceTree = "<group>"; };
		BE5896A01DFCED26007CE7AC /* LocalizedString.swift */ = {isa = PBXFileReference; fileEncoding = 4; lastKnownFileType = sourcecode.swift; path = LocalizedString.swift; sourceTree = "<group>"; };
		BE5BE79F1E065C7700820201 /* ShortcutsPreferenceViewController.swift */ = {isa = PBXFileReference; fileEncoding = 4; lastKnownFileType = sourcecode.swift; path = ShortcutsPreferenceViewController.swift; sourceTree = "<group>"; };
		BE5BE7A31E065D7800820201 /* HotKeyManager.swift */ = {isa = PBXFileReference; fileEncoding = 4; lastKnownFileType = sourcecode.swift; path = HotKeyManager.swift; sourceTree = "<group>"; };
		BE64730F1E05FD91005E0AB0 /* dsa_pub.pem */ = {isa = PBXFileReference; fileEncoding = 4; lastKnownFileType = text; path = dsa_pub.pem; sourceTree = "<group>"; };
		BE6D5E741E12CF5E005492B2 /* AboutWindowController.swift */ = {isa = PBXFileReference; fileEncoding = 4; lastKnownFileType = sourcecode.swift; path = AboutWindowController.swift; sourceTree = "<group>"; };
		BE6D5E751E12CF5E005492B2 /* AboutWindowController.xib */ = {isa = PBXFileReference; fileEncoding = 4; lastKnownFileType = file.xib; path = AboutWindowController.xib; sourceTree = "<group>"; };
		BE7E825A1DF74A2D00F3F2F8 /* FloatWindow.swift */ = {isa = PBXFileReference; fileEncoding = 4; lastKnownFileType = sourcecode.swift; path = FloatWindow.swift; sourceTree = "<group>"; };
		BE85481F20F975E00035BC60 /* NSMenu+Extension.swift */ = {isa = PBXFileReference; lastKnownFileType = sourcecode.swift; path = "NSMenu+Extension.swift"; sourceTree = "<group>"; };
		BE85482320FB5C640035BC60 /* FloatView.swift */ = {isa = PBXFileReference; lastKnownFileType = sourcecode.swift; path = FloatView.swift; sourceTree = "<group>"; };
		BE9777EC1E0E613700E5934F /* UserDefaults+ArchiveData.swift */ = {isa = PBXFileReference; fileEncoding = 4; lastKnownFileType = sourcecode.swift; path = "UserDefaults+ArchiveData.swift"; sourceTree = "<group>"; };
		BE9777F31E0EC25500E5934F /* Base */ = {isa = PBXFileReference; lastKnownFileType = file.xib; name = Base; path = Base.lproj/ShortcutsPreferenceViewController.xib; sourceTree = "<group>"; };
		BE9777F41E0EC25900E5934F /* ja */ = {isa = PBXFileReference; lastKnownFileType = text.plist.strings; name = ja; path = ja.lproj/ShortcutsPreferenceViewController.strings; sourceTree = "<group>"; };
		BE9777F61E0EC26F00E5934F /* ja */ = {isa = PBXFileReference; lastKnownFileType = text.plist.strings; name = ja; path = ja.lproj/PreferencesWindowController.strings; sourceTree = "<group>"; };
		BE9777F71E100D1F00E5934F /* MenuManager.swift */ = {isa = PBXFileReference; fileEncoding = 4; lastKnownFileType = sourcecode.swift; path = MenuManager.swift; sourceTree = "<group>"; };
		BEAFC2D220E8FC2E00F12911 /* ScreenshotManager.swift */ = {isa = PBXFileReference; lastKnownFileType = sourcecode.swift; path = ScreenshotManager.swift; sourceTree = "<group>"; };
		BEC844F31DED859300A4A57A /* Fuwari.app */ = {isa = PBXFileReference; explicitFileType = wrapper.application; includeInIndex = 0; path = Fuwari.app; sourceTree = BUILT_PRODUCTS_DIR; };
		BEC844F61DED859300A4A57A /* AppDelegate.swift */ = {isa = PBXFileReference; lastKnownFileType = sourcecode.swift; path = AppDelegate.swift; sourceTree = "<group>"; };
		BEC844F81DED859300A4A57A /* ViewController.swift */ = {isa = PBXFileReference; lastKnownFileType = sourcecode.swift; path = ViewController.swift; sourceTree = "<group>"; };
		BEC844FA1DED859300A4A57A /* Assets.xcassets */ = {isa = PBXFileReference; lastKnownFileType = folder.assetcatalog; path = Assets.xcassets; sourceTree = "<group>"; };
		BEC844FD1DED859300A4A57A /* Base */ = {isa = PBXFileReference; lastKnownFileType = file.storyboard; name = Base; path = Base.lproj/Main.storyboard; sourceTree = "<group>"; };
		BEC844FF1DED859300A4A57A /* Info.plist */ = {isa = PBXFileReference; lastKnownFileType = text.plist.xml; path = Info.plist; sourceTree = "<group>"; };
		BEF57FE41DFD46AE006595B6 /* PreferencesWindowController.swift */ = {isa = PBXFileReference; fileEncoding = 4; lastKnownFileType = sourcecode.swift; path = PreferencesWindowController.swift; sourceTree = "<group>"; };
		BEF57FEE1DFD58D4006595B6 /* NSColor+Fuwari.swift */ = {isa = PBXFileReference; fileEncoding = 4; lastKnownFileType = sourcecode.swift; path = "NSColor+Fuwari.swift"; sourceTree = "<group>"; };
		BEF57FF51DFD5CBA006595B6 /* Base */ = {isa = PBXFileReference; lastKnownFileType = file.xib; name = Base; path = Base.lproj/PreferencesWindowController.xib; sourceTree = "<group>"; };
		BEF57FFA1DFD5CD3006595B6 /* Base */ = {isa = PBXFileReference; lastKnownFileType = file.xib; name = Base; path = Base.lproj/GeneralPreferenceViewController.xib; sourceTree = "<group>"; };
		BEF57FFB1DFD5CD6006595B6 /* ja */ = {isa = PBXFileReference; lastKnownFileType = text.plist.strings; name = ja; path = ja.lproj/GeneralPreferenceViewController.strings; sourceTree = "<group>"; };
		BEF580081DFD9786006595B6 /* ja */ = {isa = PBXFileReference; lastKnownFileType = text.plist.strings; name = ja; path = ja.lproj/Main.strings; sourceTree = "<group>"; };
		CA72BCDA25FB6F3F0041CB0D /* GeneralPreferenceViewController.swift */ = {isa = PBXFileReference; lastKnownFileType = sourcecode.swift; path = GeneralPreferenceViewController.swift; sourceTree = "<group>"; };
		CA72BCEF25FCA22C0041CB0D /* GyazoManager.swift */ = {isa = PBXFileReference; lastKnownFileType = sourcecode.swift; path = GyazoManager.swift; sourceTree = "<group>"; };
		CAD92F1C25FE3B6B008D6CF8 /* Magnet.xcframework */ = {isa = PBXFileReference; lastKnownFileType = wrapper.xcframework; name = Magnet.xcframework; path = Carthage/Build/Magnet.xcframework; sourceTree = "<group>"; };
		CAD92F1D25FE3B6B008D6CF8 /* LoginServiceKit.xcframework */ = {isa = PBXFileReference; lastKnownFileType = wrapper.xcframework; name = LoginServiceKit.xcframework; path = Carthage/Build/LoginServiceKit.xcframework; sourceTree = "<group>"; };
		CAD92F1E25FE3B6B008D6CF8 /* Sparkle.xcframework */ = {isa = PBXFileReference; lastKnownFileType = wrapper.xcframework; name = Sparkle.xcframework; path = Carthage/Build/Sparkle.xcframework; sourceTree = "<group>"; };
		CAD92F1F25FE3B6B008D6CF8 /* KeyHolder.xcframework */ = {isa = PBXFileReference; lastKnownFileType = wrapper.xcframework; name = KeyHolder.xcframework; path = Carthage/Build/KeyHolder.xcframework; sourceTree = "<group>"; };
		CAD92F2025FE3B6B008D6CF8 /* Sauce.xcframework */ = {isa = PBXFileReference; lastKnownFileType = wrapper.xcframework; name = Sauce.xcframework; path = Carthage/Build/Sauce.xcframework; sourceTree = "<group>"; };
/* End PBXFileReference section */

/* Begin PBXFrameworksBuildPhase section */
		BEC844F01DED859300A4A57A /* Frameworks */ = {
			isa = PBXFrameworksBuildPhase;
			buildActionMask = 2147483647;
			files = (
				BE3894A1263C20EA00131366 /* LoginServiceKit.xcframework in Frameworks */,
				BE3894A5263C20EA00131366 /* Sauce.xcframework in Frameworks */,
				BE3894A3263C20EA00131366 /* Magnet.xcframework in Frameworks */,
				BE38949F263C20EA00131366 /* KeyHolder.xcframework in Frameworks */,
				BE3894A7263C20EA00131366 /* Sparkle.xcframework in Frameworks */,
			);
			runOnlyForDeploymentPostprocessing = 0;
		};
/* End PBXFrameworksBuildPhase section */

/* Begin PBXGroup section */
		BE23E4301DFB8BF4004DA6B7 /* Frameworks */ = {
			isa = PBXGroup;
			children = (
				CAD92F1F25FE3B6B008D6CF8 /* KeyHolder.xcframework */,
				CAD92F1D25FE3B6B008D6CF8 /* LoginServiceKit.xcframework */,
				CAD92F1C25FE3B6B008D6CF8 /* Magnet.xcframework */,
				CAD92F2025FE3B6B008D6CF8 /* Sauce.xcframework */,
				CAD92F1E25FE3B6B008D6CF8 /* Sparkle.xcframework */,
			);
			name = Frameworks;
			sourceTree = "<group>";
		};
		BEC844EA1DED859300A4A57A = {
			isa = PBXGroup;
			children = (
				BEC844F51DED859300A4A57A /* Fuwari */,
				BEC844F41DED859300A4A57A /* Products */,
				BE23E4301DFB8BF4004DA6B7 /* Frameworks */,
			);
			sourceTree = "<group>";
		};
		BEC844F41DED859300A4A57A /* Products */ = {
			isa = PBXGroup;
			children = (
				BEC844F31DED859300A4A57A /* Fuwari.app */,
			);
			name = Products;
			sourceTree = "<group>";
		};
		BEC844F51DED859300A4A57A /* Fuwari */ = {
			isa = PBXGroup;
			children = (
				BEC844F61DED859300A4A57A /* AppDelegate.swift */,
				BEC844F81DED859300A4A57A /* ViewController.swift */,
				BE7E825A1DF74A2D00F3F2F8 /* FloatWindow.swift */,
				BE85482320FB5C640035BC60 /* FloatView.swift */,
				BEAFC2D220E8FC2E00F12911 /* ScreenshotManager.swift */,
				BE5BE7A31E065D7800820201 /* HotKeyManager.swift */,
				BE9777F71E100D1F00E5934F /* MenuManager.swift */,
				CA72BCEF25FCA22C0041CB0D /* GyazoManager.swift */,
				BE6D5E741E12CF5E005492B2 /* AboutWindowController.swift */,
				BE6D5E751E12CF5E005492B2 /* AboutWindowController.xib */,
				BEF580021DFD9464006595B6 /* Preferences */,
				BEF580011DFD945A006595B6 /* Utility */,
				BEF57FEE1DFD58D4006595B6 /* NSColor+Fuwari.swift */,
				BE85481F20F975E00035BC60 /* NSMenu+Extension.swift */,
				BE9777EC1E0E613700E5934F /* UserDefaults+ArchiveData.swift */,
				BEC844FC1DED859300A4A57A /* Main.storyboard */,
				BEF580031DFD9480006595B6 /* Resources */,
				BEF580041DFD9491006595B6 /* Supprting Files */,
			);
			path = Fuwari;
			sourceTree = "<group>";
		};
		BEF580011DFD945A006595B6 /* Utility */ = {
			isa = PBXGroup;
			children = (
				BE23E42E1DFA1623004DA6B7 /* Constants.swift */,
				BE5896A01DFCED26007CE7AC /* LocalizedString.swift */,
			);
			name = Utility;
			sourceTree = "<group>";
		};
		BEF580021DFD9464006595B6 /* Preferences */ = {
			isa = PBXGroup;
			children = (
				BEF57FE41DFD46AE006595B6 /* PreferencesWindowController.swift */,
				BE5BE79F1E065C7700820201 /* ShortcutsPreferenceViewController.swift */,
				CA72BCDA25FB6F3F0041CB0D /* GeneralPreferenceViewController.swift */,
				BE9777F21E0EC24F00E5934F /* ShortcutsPreferenceViewController.xib */,
				BEF57FF41DFD5CB6006595B6 /* PreferencesWindowController.xib */,
				BEF57FF91DFD5CD1006595B6 /* GeneralPreferenceViewController.xib */,
			);
			name = Preferences;
			sourceTree = "<group>";
		};
		BEF580031DFD9480006595B6 /* Resources */ = {
			isa = PBXGroup;
			children = (
				BE58969C1DFCEB07007CE7AC /* Localizable.strings */,
				BEC844FA1DED859300A4A57A /* Assets.xcassets */,
			);
			name = Resources;
			sourceTree = "<group>";
		};
		BEF580041DFD9491006595B6 /* Supprting Files */ = {
			isa = PBXGroup;
			children = (
				BEC844FF1DED859300A4A57A /* Info.plist */,
				BE64730F1E05FD91005E0AB0 /* dsa_pub.pem */,
			);
			name = "Supprting Files";
			sourceTree = "<group>";
		};
/* End PBXGroup section */

/* Begin PBXNativeTarget section */
		BEC844F21DED859300A4A57A /* Fuwari */ = {
			isa = PBXNativeTarget;
			buildConfigurationList = BEC845021DED859300A4A57A /* Build configuration list for PBXNativeTarget "Fuwari" */;
			buildPhases = (
				BEC844EF1DED859300A4A57A /* Sources */,
				BEC844F01DED859300A4A57A /* Frameworks */,
				BEC844F11DED859300A4A57A /* Resources */,
				CAD92F2F25FE460F008D6CF8 /* Embed Frameworks */,
			);
			buildRules = (
			);
			dependencies = (
			);
			name = Fuwari;
			productName = Fuwari;
			productReference = BEC844F31DED859300A4A57A /* Fuwari.app */;
			productType = "com.apple.product-type.application";
		};
/* End PBXNativeTarget section */

/* Begin PBXProject section */
		BEC844EB1DED859300A4A57A /* Project object */ = {
			isa = PBXProject;
			attributes = {
				LastSwiftUpdateCheck = 0810;
				LastUpgradeCheck = 1240;
				ORGANIZATIONNAME = AppKnop;
				TargetAttributes = {
					BEC844F21DED859300A4A57A = {
						CreatedOnToolsVersion = 8.1;
						LastSwiftMigration = 1240;
						ProvisioningStyle = Automatic;
					};
				};
			};
			buildConfigurationList = BEC844EE1DED859300A4A57A /* Build configuration list for PBXProject "Fuwari" */;
			compatibilityVersion = "Xcode 3.2";
			developmentRegion = en;
			hasScannedForEncodings = 0;
			knownRegions = (
				en,
				Base,
				ja,
			);
			mainGroup = BEC844EA1DED859300A4A57A;
			productRefGroup = BEC844F41DED859300A4A57A /* Products */;
			projectDirPath = "";
			projectRoot = "";
			targets = (
				BEC844F21DED859300A4A57A /* Fuwari */,
			);
		};
/* End PBXProject section */

/* Begin PBXResourcesBuildPhase section */
		BEC844F11DED859300A4A57A /* Resources */ = {
			isa = PBXResourcesBuildPhase;
			buildActionMask = 2147483647;
			files = (
				BE6473101E05FD91005E0AB0 /* dsa_pub.pem in Resources */,
				BEC844FB1DED859300A4A57A /* Assets.xcassets in Resources */,
				BE58969A1DFCEB07007CE7AC /* Localizable.strings in Resources */,
				BE9777F01E0EC24F00E5934F /* ShortcutsPreferenceViewController.xib in Resources */,
				BEF57FF21DFD5CB6006595B6 /* PreferencesWindowController.xib in Resources */,
				BEC844FE1DED859300A4A57A /* Main.storyboard in Resources */,
				BE6D5E771E12CF5E005492B2 /* AboutWindowController.xib in Resources */,
				BEF57FF71DFD5CD1006595B6 /* GeneralPreferenceViewController.xib in Resources */,
			);
			runOnlyForDeploymentPostprocessing = 0;
		};
/* End PBXResourcesBuildPhase section */

/* Begin PBXSourcesBuildPhase section */
		BEC844EF1DED859300A4A57A /* Sources */ = {
			isa = PBXSourcesBuildPhase;
			buildActionMask = 2147483647;
			files = (
				BE9777F81E100D1F00E5934F /* MenuManager.swift in Sources */,
				BEAFC2D320E8FC2E00F12911 /* ScreenshotManager.swift in Sources */,
				BE7E825B1DF74A2D00F3F2F8 /* FloatWindow.swift in Sources */,
				BEF57FE51DFD46AE006595B6 /* PreferencesWindowController.swift in Sources */,
				BE85482020F975E00035BC60 /* NSMenu+Extension.swift in Sources */,
				BEF57FEF1DFD58D4006595B6 /* NSColor+Fuwari.swift in Sources */,
				BEC844F91DED859300A4A57A /* ViewController.swift in Sources */,
				BE85482420FB5C640035BC60 /* FloatView.swift in Sources */,
				BE6D5E761E12CF5E005492B2 /* AboutWindowController.swift in Sources */,
				CA72BCF025FCA22C0041CB0D /* GyazoManager.swift in Sources */,
				BE5BE7A41E065D7800820201 /* HotKeyManager.swift in Sources */,
				BE5896A11DFCED26007CE7AC /* LocalizedString.swift in Sources */,
				BEC844F71DED859300A4A57A /* AppDelegate.swift in Sources */,
				CA72BCDB25FB6F3F0041CB0D /* GeneralPreferenceViewController.swift in Sources */,
				BE9777ED1E0E613700E5934F /* UserDefaults+ArchiveData.swift in Sources */,
				BE23E42F1DFA1623004DA6B7 /* Constants.swift in Sources */,
				BE5BE7A11E065C7700820201 /* ShortcutsPreferenceViewController.swift in Sources */,
			);
			runOnlyForDeploymentPostprocessing = 0;
		};
/* End PBXSourcesBuildPhase section */

/* Begin PBXVariantGroup section */
		BE58969C1DFCEB07007CE7AC /* Localizable.strings */ = {
			isa = PBXVariantGroup;
			children = (
				BE58969B1DFCEB07007CE7AC /* Base */,
				BE58969F1DFCEB95007CE7AC /* ja */,
			);
			name = Localizable.strings;
			sourceTree = "<group>";
		};
		BE9777F21E0EC24F00E5934F /* ShortcutsPreferenceViewController.xib */ = {
			isa = PBXVariantGroup;
			children = (
				BE9777F31E0EC25500E5934F /* Base */,
				BE9777F41E0EC25900E5934F /* ja */,
			);
			name = ShortcutsPreferenceViewController.xib;
			sourceTree = "<group>";
		};
		BEC844FC1DED859300A4A57A /* Main.storyboard */ = {
			isa = PBXVariantGroup;
			children = (
				BEC844FD1DED859300A4A57A /* Base */,
				BEF580081DFD9786006595B6 /* ja */,
			);
			name = Main.storyboard;
			sourceTree = "<group>";
		};
		BEF57FF41DFD5CB6006595B6 /* PreferencesWindowController.xib */ = {
			isa = PBXVariantGroup;
			children = (
				BEF57FF51DFD5CBA006595B6 /* Base */,
				BE9777F61E0EC26F00E5934F /* ja */,
			);
			name = PreferencesWindowController.xib;
			sourceTree = "<group>";
		};
		BEF57FF91DFD5CD1006595B6 /* GeneralPreferenceViewController.xib */ = {
			isa = PBXVariantGroup;
			children = (
				BEF57FFA1DFD5CD3006595B6 /* Base */,
				BEF57FFB1DFD5CD6006595B6 /* ja */,
			);
			name = GeneralPreferenceViewController.xib;
			sourceTree = "<group>";
		};
/* End PBXVariantGroup section */

/* Begin XCBuildConfiguration section */
		BEC845001DED859300A4A57A /* Debug */ = {
			isa = XCBuildConfiguration;
			buildSettings = {
				ALWAYS_SEARCH_USER_PATHS = NO;
				CLANG_ANALYZER_LOCALIZABILITY_NONLOCALIZED = YES;
				CLANG_ANALYZER_NONNULL = YES;
				CLANG_CXX_LANGUAGE_STANDARD = "gnu++0x";
				CLANG_CXX_LIBRARY = "libc++";
				CLANG_ENABLE_MODULES = YES;
				CLANG_ENABLE_OBJC_ARC = YES;
				CLANG_WARN_BLOCK_CAPTURE_AUTORELEASING = YES;
				CLANG_WARN_BOOL_CONVERSION = YES;
				CLANG_WARN_COMMA = YES;
				CLANG_WARN_CONSTANT_CONVERSION = YES;
				CLANG_WARN_DEPRECATED_OBJC_IMPLEMENTATIONS = YES;
				CLANG_WARN_DIRECT_OBJC_ISA_USAGE = YES_ERROR;
				CLANG_WARN_DOCUMENTATION_COMMENTS = YES;
				CLANG_WARN_EMPTY_BODY = YES;
				CLANG_WARN_ENUM_CONVERSION = YES;
				CLANG_WARN_INFINITE_RECURSION = YES;
				CLANG_WARN_INT_CONVERSION = YES;
				CLANG_WARN_NON_LITERAL_NULL_CONVERSION = YES;
				CLANG_WARN_OBJC_IMPLICIT_RETAIN_SELF = YES;
				CLANG_WARN_OBJC_LITERAL_CONVERSION = YES;
				CLANG_WARN_OBJC_ROOT_CLASS = YES_ERROR;
				CLANG_WARN_QUOTED_INCLUDE_IN_FRAMEWORK_HEADER = YES;
				CLANG_WARN_RANGE_LOOP_ANALYSIS = YES;
				CLANG_WARN_STRICT_PROTOTYPES = YES;
				CLANG_WARN_SUSPICIOUS_MOVE = YES;
				CLANG_WARN_SUSPICIOUS_MOVES = YES;
				CLANG_WARN_UNREACHABLE_CODE = YES;
				CLANG_WARN__DUPLICATE_METHOD_MATCH = YES;
				CODE_SIGN_IDENTITY = "-";
				COPY_PHASE_STRIP = NO;
				DEBUG_INFORMATION_FORMAT = "dwarf-with-dsym";
				ENABLE_STRICT_OBJC_MSGSEND = YES;
				ENABLE_TESTABILITY = YES;
				GCC_C_LANGUAGE_STANDARD = gnu99;
				GCC_DYNAMIC_NO_PIC = NO;
				GCC_NO_COMMON_BLOCKS = YES;
				GCC_OPTIMIZATION_LEVEL = 0;
				GCC_PREPROCESSOR_DEFINITIONS = (
					"DEBUG=1",
					"$(inherited)",
				);
				GCC_WARN_64_TO_32_BIT_CONVERSION = YES;
				GCC_WARN_ABOUT_RETURN_TYPE = YES_ERROR;
				GCC_WARN_UNDECLARED_SELECTOR = YES;
				GCC_WARN_UNINITIALIZED_AUTOS = YES_AGGRESSIVE;
				GCC_WARN_UNUSED_FUNCTION = YES;
				GCC_WARN_UNUSED_VARIABLE = YES;
				MACOSX_DEPLOYMENT_TARGET = 10.12;
				MTL_ENABLE_DEBUG_INFO = YES;
				ONLY_ACTIVE_ARCH = YES;
				SDKROOT = macosx;
				SWIFT_ACTIVE_COMPILATION_CONDITIONS = DEBUG;
				SWIFT_OPTIMIZATION_LEVEL = "-Onone";
			};
			name = Debug;
		};
		BEC845011DED859300A4A57A /* Release */ = {
			isa = XCBuildConfiguration;
			buildSettings = {
				ALWAYS_SEARCH_USER_PATHS = NO;
				CLANG_ANALYZER_LOCALIZABILITY_NONLOCALIZED = YES;
				CLANG_ANALYZER_NONNULL = YES;
				CLANG_CXX_LANGUAGE_STANDARD = "gnu++0x";
				CLANG_CXX_LIBRARY = "libc++";
				CLANG_ENABLE_MODULES = YES;
				CLANG_ENABLE_OBJC_ARC = YES;
				CLANG_WARN_BLOCK_CAPTURE_AUTORELEASING = YES;
				CLANG_WARN_BOOL_CONVERSION = YES;
				CLANG_WARN_COMMA = YES;
				CLANG_WARN_CONSTANT_CONVERSION = YES;
				CLANG_WARN_DEPRECATED_OBJC_IMPLEMENTATIONS = YES;
				CLANG_WARN_DIRECT_OBJC_ISA_USAGE = YES_ERROR;
				CLANG_WARN_DOCUMENTATION_COMMENTS = YES;
				CLANG_WARN_EMPTY_BODY = YES;
				CLANG_WARN_ENUM_CONVERSION = YES;
				CLANG_WARN_INFINITE_RECURSION = YES;
				CLANG_WARN_INT_CONVERSION = YES;
				CLANG_WARN_NON_LITERAL_NULL_CONVERSION = YES;
				CLANG_WARN_OBJC_IMPLICIT_RETAIN_SELF = YES;
				CLANG_WARN_OBJC_LITERAL_CONVERSION = YES;
				CLANG_WARN_OBJC_ROOT_CLASS = YES_ERROR;
				CLANG_WARN_QUOTED_INCLUDE_IN_FRAMEWORK_HEADER = YES;
				CLANG_WARN_RANGE_LOOP_ANALYSIS = YES;
				CLANG_WARN_STRICT_PROTOTYPES = YES;
				CLANG_WARN_SUSPICIOUS_MOVE = YES;
				CLANG_WARN_SUSPICIOUS_MOVES = YES;
				CLANG_WARN_UNREACHABLE_CODE = YES;
				CLANG_WARN__DUPLICATE_METHOD_MATCH = YES;
				CODE_SIGN_IDENTITY = "-";
				COPY_PHASE_STRIP = NO;
				DEBUG_INFORMATION_FORMAT = "dwarf-with-dsym";
				ENABLE_NS_ASSERTIONS = NO;
				ENABLE_STRICT_OBJC_MSGSEND = YES;
				GCC_C_LANGUAGE_STANDARD = gnu99;
				GCC_NO_COMMON_BLOCKS = YES;
				GCC_WARN_64_TO_32_BIT_CONVERSION = YES;
				GCC_WARN_ABOUT_RETURN_TYPE = YES_ERROR;
				GCC_WARN_UNDECLARED_SELECTOR = YES;
				GCC_WARN_UNINITIALIZED_AUTOS = YES_AGGRESSIVE;
				GCC_WARN_UNUSED_FUNCTION = YES;
				GCC_WARN_UNUSED_VARIABLE = YES;
				MACOSX_DEPLOYMENT_TARGET = 10.12;
				MTL_ENABLE_DEBUG_INFO = NO;
				SDKROOT = macosx;
				SWIFT_COMPILATION_MODE = wholemodule;
				SWIFT_OPTIMIZATION_LEVEL = "-O";
			};
			name = Release;
		};
		BEC845031DED859300A4A57A /* Debug */ = {
			isa = XCBuildConfiguration;
			buildSettings = {
				ASSETCATALOG_COMPILER_APPICON_NAME = AppIcon;
				CODE_SIGN_IDENTITY = "-";
				COMBINE_HIDPI_IMAGES = YES;
				CURRENT_PROJECT_VERSION = 0.60;
				DEVELOPMENT_TEAM = QZJ74E9669;
				FRAMEWORK_SEARCH_PATHS = (
					"$(inherited)",
					"$(PROJECT_DIR)/Carthage/Build",
					"$(PROJECT_DIR)",
				);
				INFOPLIST_FILE = Fuwari/Info.plist;
				LD_RUNPATH_SEARCH_PATHS = (
					"$(inherited)",
					"@executable_path/../Frameworks",
				);
				MACOSX_DEPLOYMENT_TARGET = 10.12;
				MARKETING_VERSION = 0.6.0;
				PRODUCT_BUNDLE_IDENTIFIER = com.appknop.Fuwari;
				PRODUCT_NAME = "$(TARGET_NAME)";
				SWIFT_SWIFT3_OBJC_INFERENCE = Default;
				SWIFT_VERSION = 5.0;
			};
			name = Debug;
		};
		BEC845041DED859300A4A57A /* Release */ = {
			isa = XCBuildConfiguration;
			buildSettings = {
				ASSETCATALOG_COMPILER_APPICON_NAME = AppIcon;
				CODE_SIGN_IDENTITY = "Apple Development";
				COMBINE_HIDPI_IMAGES = YES;
				CURRENT_PROJECT_VERSION = 0.60;
				DEVELOPMENT_TEAM = QZJ74E9669;
				ENABLE_HARDENED_RUNTIME = YES;
				FRAMEWORK_SEARCH_PATHS = (
					"$(inherited)",
					"$(PROJECT_DIR)/Carthage/Build",
					"$(PROJECT_DIR)",
				);
				INFOPLIST_FILE = Fuwari/Info.plist;
				LD_RUNPATH_SEARCH_PATHS = (
					"$(inherited)",
					"@executable_path/../Frameworks",
				);
				MACOSX_DEPLOYMENT_TARGET = 10.12;
				MARKETING_VERSION = 0.6.0;
				PRODUCT_BUNDLE_IDENTIFIER = com.appknop.Fuwari;
				PRODUCT_NAME = "$(TARGET_NAME)";
				SWIFT_SWIFT3_OBJC_INFERENCE = Default;
				SWIFT_VERSION = 5.0;
			};
			name = Release;
		};
/* End XCBuildConfiguration section */

/* Begin XCConfigurationList section */
		BEC844EE1DED859300A4A57A /* Build configuration list for PBXProject "Fuwari" */ = {
			isa = XCConfigurationList;
			buildConfigurations = (
				BEC845001DED859300A4A57A /* Debug */,
				BEC845011DED859300A4A57A /* Release */,
			);
			defaultConfigurationIsVisible = 0;
			defaultConfigurationName = Release;
		};
		BEC845021DED859300A4A57A /* Build configuration list for PBXNativeTarget "Fuwari" */ = {
			isa = XCConfigurationList;
			buildConfigurations = (
				BEC845031DED859300A4A57A /* Debug */,
				BEC845041DED859300A4A57A /* Release */,
			);
			defaultConfigurationIsVisible = 0;
			defaultConfigurationName = Release;
		};
/* End XCConfigurationList section */
	};
	rootObject = BEC844EB1DED859300A4A57A /* Project object */;
}
