// !$*UTF8*$!
{
	archiveVersion = 1;
	classes = {
	};
	objectVersion = 46;
	objects = {

/* Begin PBXBuildFile section */
		BE23E42F1DFA1623004DA6B7 /* Constants.swift in Sources */ = {isa = PBXBuildFile; fileRef = BE23E42E1DFA1623004DA6B7 /* Constants.swift */; };
		BE7E82591DF72E7A00F3F2F8 /* FullScreenWindow.swift in Sources */ = {isa = PBXBuildFile; fileRef = BE7E82581DF72E7A00F3F2F8 /* FullScreenWindow.swift */; };
		BE7E825B1DF74A2D00F3F2F8 /* FloatWindow.swift in Sources */ = {isa = PBXBuildFile; fileRef = BE7E825A1DF74A2D00F3F2F8 /* FloatWindow.swift */; };
		BEC844F71DED859300A4A57A /* AppDelegate.swift in Sources */ = {isa = PBXBuildFile; fileRef = BEC844F61DED859300A4A57A /* AppDelegate.swift */; };
		BEC844F91DED859300A4A57A /* ViewController.swift in Sources */ = {isa = PBXBuildFile; fileRef = BEC844F81DED859300A4A57A /* ViewController.swift */; };
		BEC844FB1DED859300A4A57A /* Assets.xcassets in Resources */ = {isa = PBXBuildFile; fileRef = BEC844FA1DED859300A4A57A /* Assets.xcassets */; };
		BEC844FE1DED859300A4A57A /* Main.storyboard in Resources */ = {isa = PBXBuildFile; fileRef = BEC844FC1DED859300A4A57A /* Main.storyboard */; };
		BEC8450C1DF59ECB00A4A57A /* CaptureGuideView.swift in Sources */ = {isa = PBXBuildFile; fileRef = BEC8450B1DF59ECB00A4A57A /* CaptureGuideView.swift */; };
/* End PBXBuildFile section */

/* Begin PBXFileReference section */
		BE23E42E1DFA1623004DA6B7 /* Constants.swift */ = {isa = PBXFileReference; fileEncoding = 4; lastKnownFileType = sourcecode.swift; path = Constants.swift; sourceTree = "<group>"; };
		BE7E82581DF72E7A00F3F2F8 /* FullScreenWindow.swift */ = {isa = PBXFileReference; fileEncoding = 4; lastKnownFileType = sourcecode.swift; path = FullScreenWindow.swift; sourceTree = "<group>"; };
		BE7E825A1DF74A2D00F3F2F8 /* FloatWindow.swift */ = {isa = PBXFileReference; fileEncoding = 4; lastKnownFileType = sourcecode.swift; path = FloatWindow.swift; sourceTree = "<group>"; };
		BEC844F31DED859300A4A57A /* Fuwari.app */ = {isa = PBXFileReference; explicitFileType = wrapper.application; includeInIndex = 0; path = Fuwari.app; sourceTree = BUILT_PRODUCTS_DIR; };
		BEC844F61DED859300A4A57A /* AppDelegate.swift */ = {isa = PBXFileReference; lastKnownFileType = sourcecode.swift; path = AppDelegate.swift; sourceTree = "<group>"; };
		BEC844F81DED859300A4A57A /* ViewController.swift */ = {isa = PBXFileReference; lastKnownFileType = sourcecode.swift; path = ViewController.swift; sourceTree = "<group>"; };
		BEC844FA1DED859300A4A57A /* Assets.xcassets */ = {isa = PBXFileReference; lastKnownFileType = folder.assetcatalog; path = Assets.xcassets; sourceTree = "<group>"; };
		BEC844FD1DED859300A4A57A /* Base */ = {isa = PBXFileReference; lastKnownFileType = file.storyboard; name = Base; path = Base.lproj/Main.storyboard; sourceTree = "<group>"; };
		BEC844FF1DED859300A4A57A /* Info.plist */ = {isa = PBXFileReference; lastKnownFileType = text.plist.xml; path = Info.plist; sourceTree = "<group>"; };
		BEC8450B1DF59ECB00A4A57A /* CaptureGuideView.swift */ = {isa = PBXFileReference; fileEncoding = 4; lastKnownFileType = sourcecode.swift; path = CaptureGuideView.swift; sourceTree = "<group>"; };
/* End PBXFileReference section */

/* Begin PBXFrameworksBuildPhase section */
		BEC844F01DED859300A4A57A /* Frameworks */ = {
			isa = PBXFrameworksBuildPhase;
			buildActionMask = 2147483647;
			files = (
			);
			runOnlyForDeploymentPostprocessing = 0;
		};
/* End PBXFrameworksBuildPhase section */

/* Begin PBXGroup section */
		BEC844EA1DED859300A4A57A = {
			isa = PBXGroup;
			children = (
				BEC844F51DED859300A4A57A /* Fuwari */,
				BEC844F41DED859300A4A57A /* Products */,
			);
			sourceTree = "<group>";
		};
		BEC844F41DED859300A4A57A /* Products */ = {
			isa = PBXGroup;
			children = (
				BEC844F31DED859300A4A57A /* Fuwari.app */,
			);
			name = Products;
			sourceTree = "<group>";
		};
		BEC844F51DED859300A4A57A /* Fuwari */ = {
			isa = PBXGroup;
			children = (
				BEC844F61DED859300A4A57A /* AppDelegate.swift */,
				BEC844F81DED859300A4A57A /* ViewController.swift */,
				BEC8450B1DF59ECB00A4A57A /* CaptureGuideView.swift */,
				BE7E82581DF72E7A00F3F2F8 /* FullScreenWindow.swift */,
				BE7E825A1DF74A2D00F3F2F8 /* FloatWindow.swift */,
				BE23E42E1DFA1623004DA6B7 /* Constants.swift */,
				BEC844FA1DED859300A4A57A /* Assets.xcassets */,
				BEC844FC1DED859300A4A57A /* Main.storyboard */,
				BEC844FF1DED859300A4A57A /* Info.plist */,
			);
			path = Fuwari;
			sourceTree = "<group>";
		};
/* End PBXGroup section */

/* Begin PBXNativeTarget section */
		BEC844F21DED859300A4A57A /* Fuwari */ = {
			isa = PBXNativeTarget;
			buildConfigurationList = BEC845021DED859300A4A57A /* Build configuration list for PBXNativeTarget "Fuwari" */;
			buildPhases = (
				BEC844EF1DED859300A4A57A /* Sources */,
				BEC844F01DED859300A4A57A /* Frameworks */,
				BEC844F11DED859300A4A57A /* Resources */,
			);
			buildRules = (
			);
			dependencies = (
			);
			name = Fuwari;
			productName = Fuwari;
			productReference = BEC844F31DED859300A4A57A /* Fuwari.app */;
			productType = "com.apple.product-type.application";
		};
/* End PBXNativeTarget section */

/* Begin PBXProject section */
		BEC844EB1DED859300A4A57A /* Project object */ = {
			isa = PBXProject;
			attributes = {
				LastSwiftUpdateCheck = 0810;
				LastUpgradeCheck = 0810;
				ORGANIZATIONNAME = AppKnop;
				TargetAttributes = {
					BEC844F21DED859300A4A57A = {
						CreatedOnToolsVersion = 8.1;
						DevelopmentTeam = QZJ74E9669;
						ProvisioningStyle = Automatic;
					};
				};
			};
			buildConfigurationList = BEC844EE1DED859300A4A57A /* Build configuration list for PBXProject "Fuwari" */;
			compatibilityVersion = "Xcode 3.2";
			developmentRegion = English;
			hasScannedForEncodings = 0;
			knownRegions = (
				en,
				Base,
			);
			mainGroup = BEC844EA1DED859300A4A57A;
			productRefGroup = BEC844F41DED859300A4A57A /* Products */;
			projectDirPath = "";
			projectRoot = "";
			targets = (
				BEC844F21DED859300A4A57A /* Fuwari */,
			);
		};
/* End PBXProject section */

/* Begin PBXResourcesBuildPhase section */
		BEC844F11DED859300A4A57A /* Resources */ = {
			isa = PBXResourcesBuildPhase;
			buildActionMask = 2147483647;
			files = (
				BEC844FB1DED859300A4A57A /* Assets.xcassets in Resources */,
				BEC844FE1DED859300A4A57A /* Main.storyboard in Resources */,
			);
			runOnlyForDeploymentPostprocessing = 0;
		};
/* End PBXResourcesBuildPhase section */

/* Begin PBXSourcesBuildPhase section */
		BEC844EF1DED859300A4A57A /* Sources */ = {
			isa = PBXSourcesBuildPhase;
			buildActionMask = 2147483647;
			files = (
				BE7E825B1DF74A2D00F3F2F8 /* FloatWindow.swift in Sources */,
				BE7E82591DF72E7A00F3F2F8 /* FullScreenWindow.swift in Sources */,
				BEC844F91DED859300A4A57A /* ViewController.swift in Sources */,
				BEC8450C1DF59ECB00A4A57A /* CaptureGuideView.swift in Sources */,
				BEC844F71DED859300A4A57A /* AppDelegate.swift in Sources */,
				BE23E42F1DFA1623004DA6B7 /* Constants.swift in Sources */,
			);
			runOnlyForDeploymentPostprocessing = 0;
		};
/* End PBXSourcesBuildPhase section */

/* Begin PBXVariantGroup section */
		BEC844FC1DED859300A4A57A /* Main.storyboard */ = {
			isa = PBXVariantGroup;
			children = (
				BEC844FD1DED859300A4A57A /* Base */,
			);
			name = Main.storyboard;
			sourceTree = "<group>";
		};
/* End PBXVariantGroup section */

/* Begin XCBuildConfiguration section */
		BEC845001DED859300A4A57A /* Debug */ = {
			isa = XCBuildConfiguration;
			buildSettings = {
				ALWAYS_SEARCH_USER_PATHS = NO;
				CLANG_ANALYZER_NONNULL = YES;
				CLANG_CXX_LANGUAGE_STANDARD = "gnu++0x";
				CLANG_CXX_LIBRARY = "libc++";
				CLANG_ENABLE_MODULES = YES;
				CLANG_ENABLE_OBJC_ARC = YES;
				CLANG_WARN_BOOL_CONVERSION = YES;
				CLANG_WARN_CONSTANT_CONVERSION = YES;
				CLANG_WARN_DIRECT_OBJC_ISA_USAGE = YES_ERROR;
				CLANG_WARN_DOCUMENTATION_COMMENTS = YES;
				CLANG_WARN_EMPTY_BODY = YES;
				CLANG_WARN_ENUM_CONVERSION = YES;
				CLANG_WARN_INFINITE_RECURSION = YES;
				CLANG_WARN_INT_CONVERSION = YES;
				CLANG_WARN_OBJC_ROOT_CLASS = YES_ERROR;
				CLANG_WARN_SUSPICIOUS_MOVES = YES;
				CLANG_WARN_UNREACHABLE_CODE = YES;
				CLANG_WARN__DUPLICATE_METHOD_MATCH = YES;
				CODE_SIGN_IDENTITY = "-";
				COPY_PHASE_STRIP = NO;
				DEBUG_INFORMATION_FORMAT = dwarf;
				ENABLE_STRICT_OBJC_MSGSEND = YES;
				ENABLE_TESTABILITY = YES;
				GCC_C_LANGUAGE_STANDARD = gnu99;
				GCC_DYNAMIC_NO_PIC = NO;
				GCC_NO_COMMON_BLOCKS = YES;
				GCC_OPTIMIZATION_LEVEL = 0;
				GCC_PREPROCESSOR_DEFINITIONS = (
					"DEBUG=1",
					"$(inherited)",
				);
				GCC_WARN_64_TO_32_BIT_CONVERSION = YES;
				GCC_WARN_ABOUT_RETURN_TYPE = YES_ERROR;
				GCC_WARN_UNDECLARED_SELECTOR = YES;
				GCC_WARN_UNINITIALIZED_AUTOS = YES_AGGRESSIVE;
				GCC_WARN_UNUSED_FUNCTION = YES;
				GCC_WARN_UNUSED_VARIABLE = YES;
				MACOSX_DEPLOYMENT_TARGET = 10.12;
				MTL_ENABLE_DEBUG_INFO = YES;
				ONLY_ACTIVE_ARCH = YES;
				SDKROOT = macosx;
				SWIFT_ACTIVE_COMPILATION_CONDITIONS = DEBUG;
				SWIFT_OPTIMIZATION_LEVEL = "-Onone";
			};
			name = Debug;
		};
		BEC845011DED859300A4A57A /* Release */ = {
			isa = XCBuildConfiguration;
			buildSettings = {
				ALWAYS_SEARCH_USER_PATHS = NO;
				CLANG_ANALYZER_NONNULL = YES;
				CLANG_CXX_LANGUAGE_STANDARD = "gnu++0x";
				CLANG_CXX_LIBRARY = "libc++";
				CLANG_ENABLE_MODULES = YES;
				CLANG_ENABLE_OBJC_ARC = YES;
				CLANG_WARN_BOOL_CONVERSION = YES;
				CLANG_WARN_CONSTANT_CONVERSION = YES;
				CLANG_WARN_DIRECT_OBJC_ISA_USAGE = YES_ERROR;
				CLANG_WARN_DOCUMENTATION_COMMENTS = YES;
				CLANG_WARN_EMPTY_BODY = YES;
				CLANG_WARN_ENUM_CONVERSION = YES;
				CLANG_WARN_INFINITE_RECURSION = YES;
				CLANG_WARN_INT_CONVERSION = YES;
				CLANG_WARN_OBJC_ROOT_CLASS = YES_ERROR;
				CLANG_WARN_SUSPICIOUS_MOVES = YES;
				CLANG_WARN_UNREACHABLE_CODE = YES;
				CLANG_WARN__DUPLICATE_METHOD_MATCH = YES;
				CODE_SIGN_IDENTITY = "-";
				COPY_PHASE_STRIP = NO;
				DEBUG_INFORMATION_FORMAT = "dwarf-with-dsym";
				ENABLE_NS_ASSERTIONS = NO;
				ENABLE_STRICT_OBJC_MSGSEND = YES;
				GCC_C_LANGUAGE_STANDARD = gnu99;
				GCC_NO_COMMON_BLOCKS = YES;
				GCC_WARN_64_TO_32_BIT_CONVERSION = YES;
				GCC_WARN_ABOUT_RETURN_TYPE = YES_ERROR;
				GCC_WARN_UNDECLARED_SELECTOR = YES;
				GCC_WARN_UNINITIALIZED_AUTOS = YES_AGGRESSIVE;
				GCC_WARN_UNUSED_FUNCTION = YES;
				GCC_WARN_UNUSED_VARIABLE = YES;
				MACOSX_DEPLOYMENT_TARGET = 10.12;
				MTL_ENABLE_DEBUG_INFO = NO;
				SDKROOT = macosx;
				SWIFT_OPTIMIZATION_LEVEL = "-Owholemodule";
			};
			name = Release;
		};
		BEC845031DED859300A4A57A /* Debug */ = {
			isa = XCBuildConfiguration;
			buildSettings = {
				ASSETCATALOG_COMPILER_APPICON_NAME = AppIcon;
				COMBINE_HIDPI_IMAGES = YES;
				DEVELOPMENT_TEAM = QZJ74E9669;
				INFOPLIST_FILE = Fuwari/Info.plist;
				LD_RUNPATH_SEARCH_PATHS = "$(inherited) @executable_path/../Frameworks";
				PRODUCT_BUNDLE_IDENTIFIER = com.appknop.Fuwari;
				PRODUCT_NAME = "$(TARGET_NAME)";
				SWIFT_VERSION = 3.0;
			};
			name = Debug;
		};
		BEC845041DED859300A4A57A /* Release */ = {
			isa = XCBuildConfiguration;
			buildSettings = {
				ASSETCATALOG_COMPILER_APPICON_NAME = AppIcon;
				COMBINE_HIDPI_IMAGES = YES;
				DEVELOPMENT_TEAM = QZJ74E9669;
				INFOPLIST_FILE = Fuwari/Info.plist;
				LD_RUNPATH_SEARCH_PATHS = "$(inherited) @executable_path/../Frameworks";
				PRODUCT_BUNDLE_IDENTIFIER = com.appknop.Fuwari;
				PRODUCT_NAME = "$(TARGET_NAME)";
				SWIFT_VERSION = 3.0;
			};
			name = Release;
		};
/* End XCBuildConfiguration section */

/* Begin XCConfigurationList section */
		BEC844EE1DED859300A4A57A /* Build configuration list for PBXProject "Fuwari" */ = {
			isa = XCConfigurationList;
			buildConfigurations = (
				BEC845001DED859300A4A57A /* Debug */,
				BEC845011DED859300A4A57A /* Release */,
			);
			defaultConfigurationIsVisible = 0;
			defaultConfigurationName = Release;
		};
		BEC845021DED859300A4A57A /* Build configuration list for PBXNativeTarget "Fuwari" */ = {
			isa = XCConfigurationList;
			buildConfigurations = (
				BEC845031DED859300A4A57A /* Debug */,
				BEC845041DED859300A4A57A /* Release */,
			);
			defaultConfigurationIsVisible = 0;
			defaultConfigurationName = Release;
		};
/* End XCConfigurationList section */
	};
	rootObject = BEC844EB1DED859300A4A57A /* Project object */;
}
